
Microsoft Visual Studio Solution File, Format Version 12.00
# Visual Studio Version 17
VisualStudioVersion = 17.0.31903.59
MinimumVisualStudioVersion = 10.0.40219.1
Project("{FAE04EC0-301F-11D3-BF4B-00C04F79EFBC}") = "task_7", "task_7\task_7.csproj", "{C72BD599-BFB8-473E-8D19-4FD44A148676}"
EndProject
Global
	GlobalSection(SolutionConfigurationPlatforms) = preSolution
		Debug|Any CPU = Debug|Any CPU
		Release|Any CPU = Release|Any CPU
	EndGlobalSection
	GlobalSection(SolutionProperties) = preSolution
		HideSolutionNode = FALSE
	EndGlobalSection
	GlobalSection(ProjectConfigurationPlatforms) = postSolution
		{C72BD599-BFB8-473E-8D19-4FD44A148676}.Debug|Any CPU.ActiveCfg = Debug|Any CPU
		{C72BD599-BFB8-473E-8D19-4FD44A148676}.Debug|Any CPU.Build.0 = Debug|Any CPU
		{C72BD599-BFB8-473E-8D19-4FD44A148676}.Release|Any CPU.ActiveCfg = Release|Any CPU
		{C72BD599-BFB8-473E-8D19-4FD44A148676}.Release|Any CPU.Build.0 = Release|Any CPU
	EndGlobalSection
EndGlobal
